// !$*UTF8*$!
{
	archiveVersion = 1;
	classes = {
	};
	objectVersion = 56;
	objects = {

/* Begin PBXBuildFile section */
		89A9A5652DD33193004038AA /* main.cpp in Sources */ = {isa = PBXBuildFile; fileRef = 89A9A5642DD33193004038AA /* main.cpp */; };
		89CC40F82DD6100C00F7D5A5 /* Foundation.framework in Frameworks */ = {isa = PBXBuildFile; fileRef = 89CC40EE2DD5F9FB00F7D5A5 /* Foundation.framework */; };
		89CC40F92DD6101100F7D5A5 /* QuartzCore.framework in Frameworks */ = {isa = PBXBuildFile; fileRef = 89CC40F02DD5FA0200F7D5A5 /* QuartzCore.framework */; };
		89CC40FA2DD6101800F7D5A5 /* Metal.framework in Frameworks */ = {isa = PBXBuildFile; fileRef = 89CC40F42DD5FA1900F7D5A5 /* Metal.framework */; };
		89CC40FB2DD6102100F7D5A5 /* OpenGL.framework in Frameworks */ = {isa = PBXBuildFile; fileRef = 89CC40F22DD5FA0F00F7D5A5 /* OpenGL.framework */; };
		89CC40FC2DD6105100F7D5A5 /* GLUT.framework in Frameworks */ = {isa = PBXBuildFile; fileRef = 89CC40EA2DD5F3EB00F7D5A5 /* GLUT.framework */; };
/* End PBXBuildFile section */

/* Begin PBXCopyFilesBuildPhase section */
		89A9A55F2DD33193004038AA /* CopyFiles */ = {
			isa = PBXCopyFilesBuildPhase;
			buildActionMask = 2147483647;
			dstPath = /usr/share/man/man1/;
			dstSubfolderSpec = 0;
			files = (
			);
			runOnlyForDeploymentPostprocessing = 1;
		};
/* End PBXCopyFilesBuildPhase section */

/* Begin PBXFileReference section */
		89A9A5612DD33193004038AA /* MacRefresh */ = {isa = PBXFileReference; explicitFileType = "compiled.mach-o.executable"; includeInIndex = 0; path = MacRefresh; sourceTree = BUILT_PRODUCTS_DIR; };
		89A9A5642DD33193004038AA /* main.cpp */ = {isa = PBXFileReference; lastKnownFileType = sourcecode.cpp.cpp; path = main.cpp; sourceTree = "<group>"; };
		89A9A5662DD33193004038AA /* olcPixelGameEngine.h */ = {isa = PBXFileReference; lastKnownFileType = sourcecode.c.h; path = olcPixelGameEngine.h; sourceTree = "<group>"; };
		89CC408D2DD3566200F7D5A5 /* stb_image.h */ = {isa = PBXFileReference; lastKnownFileType = sourcecode.c.h; path = stb_image.h; sourceTree = "<group>"; };
		89CC40EA2DD5F3EB00F7D5A5 /* GLUT.framework */ = {isa = PBXFileReference; lastKnownFileType = wrapper.framework; name = GLUT.framework; path = System/Library/Frameworks/GLUT.framework; sourceTree = SDKROOT; };
		89CC40EE2DD5F9FB00F7D5A5 /* Foundation.framework */ = {isa = PBXFileReference; lastKnownFileType = wrapper.framework; name = Foundation.framework; path = System/Library/Frameworks/Foundation.framework; sourceTree = SDKROOT; };
		89CC40F02DD5FA0200F7D5A5 /* QuartzCore.framework */ = {isa = PBXFileReference; lastKnownFileType = wrapper.framework; name = QuartzCore.framework; path = System/Library/Frameworks/QuartzCore.framework; sourceTree = SDKROOT; };
		89CC40F22DD5FA0F00F7D5A5 /* OpenGL.framework */ = {isa = PBXFileReference; lastKnownFileType = wrapper.framework; name = OpenGL.framework; path = System/Library/Frameworks/OpenGL.framework; sourceTree = SDKROOT; };
		89CC40F42DD5FA1900F7D5A5 /* Metal.framework */ = {isa = PBXFileReference; lastKnownFileType = wrapper.framework; name = Metal.framework; path = System/Library/Frameworks/Metal.framework; sourceTree = SDKROOT; };
		89CC40F62DD5FA7E00F7D5A5 /* Cocoa.framework */ = {isa = PBXFileReference; lastKnownFileType = wrapper.framework; name = Cocoa.framework; path = System/Library/Frameworks/Cocoa.framework; sourceTree = SDKROOT; };
/* End PBXFileReference section */

/* Begin PBXFrameworksBuildPhase section */
		89A9A55E2DD33193004038AA /* Frameworks */ = {
			isa = PBXFrameworksBuildPhase;
			buildActionMask = 2147483647;
			files = (
				89CC40FC2DD6105100F7D5A5 /* GLUT.framework in Frameworks */,
				89CC40FB2DD6102100F7D5A5 /* OpenGL.framework in Frameworks */,
				89CC40FA2DD6101800F7D5A5 /* Metal.framework in Frameworks */,
				89CC40F92DD6101100F7D5A5 /* QuartzCore.framework in Frameworks */,
				89CC40F82DD6100C00F7D5A5 /* Foundation.framework in Frameworks */,
			);
			runOnlyForDeploymentPostprocessing = 0;
		};
/* End PBXFrameworksBuildPhase section */

/* Begin PBXGroup section */
		89A9A5582DD33193004038AA = {
			isa = PBXGroup;
			children = (
				89A9A5632DD33193004038AA /* MacRefresh */,
				89A9A5622DD33193004038AA /* Products */,
				89CC40E92DD5F3EA00F7D5A5 /* Frameworks */,
			);
			sourceTree = "<group>";
		};
		89A9A5622DD33193004038AA /* Products */ = {
			isa = PBXGroup;
			children = (
				89A9A5612DD33193004038AA /* MacRefresh */,
			);
			name = Products;
			sourceTree = "<group>";
		};
		89A9A5632DD33193004038AA /* MacRefresh */ = {
			isa = PBXGroup;
			children = (
				89A9A5642DD33193004038AA /* main.cpp */,
				89A9A5662DD33193004038AA /* olcPixelGameEngine.h */,
				89CC408D2DD3566200F7D5A5 /* stb_image.h */,
			);
			path = MacRefresh;
			sourceTree = "<group>";
		};
		89CC40E92DD5F3EA00F7D5A5 /* Frameworks */ = {
			isa = PBXGroup;
			children = (
				89CC40F62DD5FA7E00F7D5A5 /* Cocoa.framework */,
				89CC40F42DD5FA1900F7D5A5 /* Metal.framework */,
				89CC40F22DD5FA0F00F7D5A5 /* OpenGL.framework */,
				89CC40F02DD5FA0200F7D5A5 /* QuartzCore.framework */,
				89CC40EE2DD5F9FB00F7D5A5 /* Foundation.framework */,
				89CC40EA2DD5F3EB00F7D5A5 /* GLUT.framework */,
			);
			name = Frameworks;
			sourceTree = "<group>";
		};
/* End PBXGroup section */

/* Begin PBXNativeTarget section */
		89A9A5602DD33193004038AA /* MacRefresh */ = {
			isa = PBXNativeTarget;
			buildConfigurationList = 89A9A5692DD33193004038AA /* Build configuration list for PBXNativeTarget "MacRefresh" */;
			buildPhases = (
				89A9A55D2DD33193004038AA /* Sources */,
				89A9A55E2DD33193004038AA /* Frameworks */,
				89A9A55F2DD33193004038AA /* CopyFiles */,
			);
			buildRules = (
			);
			dependencies = (
			);
			name = MacRefresh;
			productName = MacRefresh;
			productReference = 89A9A5612DD33193004038AA /* MacRefresh */;
			productType = "com.apple.product-type.tool";
		};
/* End PBXNativeTarget section */

/* Begin PBXProject section */
		89A9A5592DD33193004038AA /* Project object */ = {
			isa = PBXProject;
			attributes = {
				BuildIndependentTargetsInParallel = 1;
				LastUpgradeCheck = 1520;
				TargetAttributes = {
					89A9A5602DD33193004038AA = {
						CreatedOnToolsVersion = 14.3.1;
					};
				};
			};
			buildConfigurationList = 89A9A55C2DD33193004038AA /* Build configuration list for PBXProject "MacRefresh" */;
			compatibilityVersion = "Xcode 14.0";
			developmentRegion = en;
			hasScannedForEncodings = 0;
			knownRegions = (
				en,
				Base,
			);
			mainGroup = 89A9A5582DD33193004038AA;
			productRefGroup = 89A9A5622DD33193004038AA /* Products */;
			projectDirPath = "";
			projectRoot = "";
			targets = (
				89A9A5602DD33193004038AA /* MacRefresh */,
			);
		};
/* End PBXProject section */

/* Begin PBXSourcesBuildPhase section */
		89A9A55D2DD33193004038AA /* Sources */ = {
			isa = PBXSourcesBuildPhase;
			buildActionMask = 2147483647;
			files = (
				89A9A5652DD33193004038AA /* main.cpp in Sources */,
			);
			runOnlyForDeploymentPostprocessing = 0;
		};
/* End PBXSourcesBuildPhase section */

/* Begin XCBuildConfiguration section */
		89A9A5672DD33193004038AA /* Debug */ = {
			isa = XCBuildConfiguration;
			buildSettings = {
				ALWAYS_SEARCH_USER_PATHS = NO;
				CLANG_ANALYZER_NONNULL = YES;
				CLANG_ANALYZER_NUMBER_OBJECT_CONVERSION = YES_AGGRESSIVE;
				CLANG_CXX_LANGUAGE_STANDARD = "gnu++20";
				CLANG_ENABLE_MODULES = YES;
				CLANG_ENABLE_OBJC_ARC = YES;
				CLANG_ENABLE_OBJC_WEAK = YES;
				CLANG_WARN_BLOCK_CAPTURE_AUTORELEASING = YES;
				CLANG_WARN_BOOL_CONVERSION = YES;
				CLANG_WARN_COMMA = YES;
				CLANG_WARN_CONSTANT_CONVERSION = YES;
				CLANG_WARN_DEPRECATED_OBJC_IMPLEMENTATIONS = YES;
				CLANG_WARN_DIRECT_OBJC_ISA_USAGE = YES_ERROR;
				CLANG_WARN_DOCUMENTATION_COMMENTS = YES;
				CLANG_WARN_EMPTY_BODY = YES;
				CLANG_WARN_ENUM_CONVERSION = YES;
				CLANG_WARN_INFINITE_RECURSION = YES;
				CLANG_WARN_INT_CONVERSION = YES;
				CLANG_WARN_NON_LITERAL_NULL_CONVERSION = YES;
				CLANG_WARN_OBJC_IMPLICIT_RETAIN_SELF = YES;
				CLANG_WARN_OBJC_LITERAL_CONVERSION = YES;
				CLANG_WARN_OBJC_ROOT_CLASS = YES_ERROR;
				CLANG_WARN_QUOTED_INCLUDE_IN_FRAMEWORK_HEADER = YES;
				CLANG_WARN_RANGE_LOOP_ANALYSIS = YES;
				CLANG_WARN_STRICT_PROTOTYPES = YES;
				CLANG_WARN_SUSPICIOUS_MOVE = YES;
				CLANG_WARN_UNGUARDED_AVAILABILITY = YES_AGGRESSIVE;
				CLANG_WARN_UNREACHABLE_CODE = YES;
				CLANG_WARN__DUPLICATE_METHOD_MATCH = YES;
				COPY_PHASE_STRIP = NO;
				DEBUG_INFORMATION_FORMAT = dwarf;
				ENABLE_STRICT_OBJC_MSGSEND = YES;
				ENABLE_TESTABILITY = YES;
				GCC_C_LANGUAGE_STANDARD = gnu11;
				GCC_DYNAMIC_NO_PIC = NO;
				GCC_NO_COMMON_BLOCKS = YES;
				GCC_OPTIMIZATION_LEVEL = 0;
				GCC_PREPROCESSOR_DEFINITIONS = (
					"DEBUG=1",
					"$(inherited)",
				);
				GCC_WARN_64_TO_32_BIT_CONVERSION = YES;
				GCC_WARN_ABOUT_DEPRECATED_FUNCTIONS = NO;
				GCC_WARN_ABOUT_RETURN_TYPE = YES_ERROR;
				GCC_WARN_UNDECLARED_SELECTOR = YES;
				GCC_WARN_UNINITIALIZED_AUTOS = YES_AGGRESSIVE;
				GCC_WARN_UNUSED_FUNCTION = YES;
				GCC_WARN_UNUSED_VARIABLE = YES;
				HEADER_SEARCH_PATHS = (
					"metal-cpp-extensions",
					"metal-cpp",
				);
				LIBRARY_SEARCH_PATHS = "$(SRCROOT)/$(PRODUCT_NAME)";
				MACOSX_DEPLOYMENT_TARGET = 13.3;
				MTL_ENABLE_DEBUG_INFO = INCLUDE_SOURCE;
				MTL_FAST_MATH = YES;
				ONLY_ACTIVE_ARCH = YES;
				OTHER_CPLUSPLUSFLAGS = "-I/usr/local/include";
				OTHER_LDFLAGS = (
					"-L./",
					"-L/usr/local/lib",
					"-framework",
					OpenGL,
					"-framework",
					GLUT,
					"-framework",
					Carbon,
					"-lpng",
				);
				SDKROOT = macosx;
				USER_HEADER_SEARCH_PATHS = "";
			};
			name = Debug;
		};
		89A9A5682DD33193004038AA /* Release */ = {
			isa = XCBuildConfiguration;
			buildSettings = {
				ALWAYS_SEARCH_USER_PATHS = NO;
				CLANG_ANALYZER_NONNULL = YES;
				CLANG_ANALYZER_NUMBER_OBJECT_CONVERSION = YES_AGGRESSIVE;
				CLANG_CXX_LANGUAGE_STANDARD = "gnu++20";
				CLANG_ENABLE_MODULES = YES;
				CLANG_ENABLE_OBJC_ARC = YES;
				CLANG_ENABLE_OBJC_WEAK = YES;
				CLANG_WARN_BLOCK_CAPTURE_AUTORELEASING = YES;
				CLANG_WARN_BOOL_CONVERSION = YES;
				CLANG_WARN_COMMA = YES;
				CLANG_WARN_CONSTANT_CONVERSION = YES;
				CLANG_WARN_DEPRECATED_OBJC_IMPLEMENTATIONS = YES;
				CLANG_WARN_DIRECT_OBJC_ISA_USAGE = YES_ERROR;
				CLANG_WARN_DOCUMENTATION_COMMENTS = YES;
				CLANG_WARN_EMPTY_BODY = YES;
				CLANG_WARN_ENUM_CONVERSION = YES;
				CLANG_WARN_INFINITE_RECURSION = YES;
				CLANG_WARN_INT_CONVERSION = YES;
				CLANG_WARN_NON_LITERAL_NULL_CONVERSION = YES;
				CLANG_WARN_OBJC_IMPLICIT_RETAIN_SELF = YES;
				CLANG_WARN_OBJC_LITERAL_CONVERSION = YES;
				CLANG_WARN_OBJC_ROOT_CLASS = YES_ERROR;
				CLANG_WARN_QUOTED_INCLUDE_IN_FRAMEWORK_HEADER = YES;
				CLANG_WARN_RANGE_LOOP_ANALYSIS = YES;
				CLANG_WARN_STRICT_PROTOTYPES = YES;
				CLANG_WARN_SUSPICIOUS_MOVE = YES;
				CLANG_WARN_UNGUARDED_AVAILABILITY = YES_AGGRESSIVE;
				CLANG_WARN_UNREACHABLE_CODE = YES;
				CLANG_WARN__DUPLICATE_METHOD_MATCH = YES;
				COPY_PHASE_STRIP = NO;
				DEBUG_INFORMATION_FORMAT = "dwarf-with-dsym";
				ENABLE_NS_ASSERTIONS = NO;
				ENABLE_STRICT_OBJC_MSGSEND = YES;
				GCC_C_LANGUAGE_STANDARD = gnu11;
				GCC_NO_COMMON_BLOCKS = YES;
				GCC_WARN_64_TO_32_BIT_CONVERSION = YES;
				GCC_WARN_ABOUT_DEPRECATED_FUNCTIONS = NO;
				GCC_WARN_ABOUT_RETURN_TYPE = YES_ERROR;
				GCC_WARN_UNDECLARED_SELECTOR = YES;
				GCC_WARN_UNINITIALIZED_AUTOS = YES_AGGRESSIVE;
				GCC_WARN_UNUSED_FUNCTION = YES;
				GCC_WARN_UNUSED_VARIABLE = YES;
				HEADER_SEARCH_PATHS = (
					"metal-cpp-extensions",
					"metal-cpp",
				);
				LIBRARY_SEARCH_PATHS = "$(SRCROOT)/$(PRODUCT_NAME)";
				MACOSX_DEPLOYMENT_TARGET = 13.3;
				MTL_ENABLE_DEBUG_INFO = NO;
				MTL_FAST_MATH = YES;
				OTHER_CPLUSPLUSFLAGS = "-I/usr/local/include";
				OTHER_LDFLAGS = (
					"-L./",
					"-L/usr/local/lib",
					"-framework",
					OpenGL,
					"-framework",
					GLUT,
					"-framework",
					Carbon,
					"-lpng",
				);
				SDKROOT = macosx;
				USER_HEADER_SEARCH_PATHS = "";
			};
			name = Release;
		};
		89A9A56A2DD33193004038AA /* Debug */ = {
			isa = XCBuildConfiguration;
			buildSettings = {
				CODE_SIGN_STYLE = Automatic;
				DEVELOPMENT_TEAM = TCY2PTFQ7T;
				ENABLE_HARDENED_RUNTIME = YES;
				HEADER_SEARCH_PATHS = (
					"metal-cpp-extensions",
					"metal-cpp",
				);
				MACOSX_DEPLOYMENT_TARGET = 13.3;
				"PRODUCT_BUNDLE_IDENTIFIER[sdk=macosx*]" = PGE2.0MACRefresh;
				PRODUCT_NAME = "$(TARGET_NAME)";
				USER_HEADER_SEARCH_PATHS = "";
			};
			name = Debug;
		};
		89A9A56B2DD33193004038AA /* Release */ = {
			isa = XCBuildConfiguration;
			buildSettings = {
				CODE_SIGN_STYLE = Automatic;
				DEVELOPMENT_TEAM = TCY2PTFQ7T;
				ENABLE_HARDENED_RUNTIME = YES;
				HEADER_SEARCH_PATHS = (
					"metal-cpp-extensions",
					"metal-cpp",
				);
				MACOSX_DEPLOYMENT_TARGET = 13.3;
				"PRODUCT_BUNDLE_IDENTIFIER[sdk=macosx*]" = PGE2.0MACRefresh;
				PRODUCT_NAME = "$(TARGET_NAME)";
				USER_HEADER_SEARCH_PATHS = "";
			};
			name = Release;
		};
/* End XCBuildConfiguration section */

/* Begin XCConfigurationList section */
		89A9A55C2DD33193004038AA /* Build configuration list for PBXProject "MacRefresh" */ = {
			isa = XCConfigurationList;
			buildConfigurations = (
				89A9A5672DD33193004038AA /* Debug */,
				89A9A5682DD33193004038AA /* Release */,
			);
			defaultConfigurationIsVisible = 0;
			defaultConfigurationName = Release;
		};
		89A9A5692DD33193004038AA /* Build configuration list for PBXNativeTarget "MacRefresh" */ = {
			isa = XCConfigurationList;
			buildConfigurations = (
				89A9A56A2DD33193004038AA /* Debug */,
				89A9A56B2DD33193004038AA /* Release */,
			);
			defaultConfigurationIsVisible = 0;
			defaultConfigurationName = Release;
		};
/* End XCConfigurationList section */
	};
	rootObject = 89A9A5592DD33193004038AA /* Project object */;
}
